
Microsoft Visual Studio Solution File, Format Version 12.00
# Visual Studio Version 17
VisualStudioVersion = 17.3.32901.215
MinimumVisualStudioVersion = 10.0.40219.1
Project("{FAE04EC0-301F-11D3-BF4B-00C04F79EFBC}") = "VersionProject", "VersionProject.csproj", "{068CD947-B702-412E-8F02-F57CD1238CAF}"
EndProject
Global
	GlobalSection(SolutionConfigurationPlatforms) = preSolution
		Debug|Any CPU = Debug|Any CPU
		Release|Any CPU = Release|Any CPU
	EndGlobalSection
	GlobalSection(ProjectConfigurationPlatforms) = postSolution
		{068CD947-B702-412E-8F02-F57CD1238CAF}.Debug|Any CPU.ActiveCfg = Debug|Any CPU
		{068CD947-B702-412E-8F02-F57CD1238CAF}.Debug|Any CPU.Build.0 = Debug|Any CPU
		{068CD947-B702-412E-8F02-F57CD1238CAF}.Release|Any CPU.ActiveCfg = Release|Any CPU
		{068CD947-B702-412E-8F02-F57CD1238CAF}.Release|Any CPU.Build.0 = Release|Any CPU
	EndGlobalSection
	GlobalSection(SolutionProperties) = preSolution
		HideSolutionNode = FALSE
	EndGlobalSection
	GlobalSection(ExtensibilityGlobals) = postSolution
		SolutionGuid = {18D0C297-DA2C-47E3-8AC9-EBDC2590B6D9}
	EndGlobalSection
EndGlobal
